// !$*UTF8*$!
{
	archiveVersion = 1;
	classes = {
	};
	objectVersion = 51;
	objects = {

/* Begin PBXBuildFile section */
		1703B06E21E7D8DD001B0509 /* RxDataSources.framework in Frameworks */ = {isa = PBXBuildFile; fileRef = 1703B06D21E7D8DD001B0509 /* RxDataSources.framework */; };
		1703B06F21E7DC42001B0509 /* RxDataSources.framework in Frameworks */ = {isa = PBXBuildFile; fileRef = 1703B06D21E7D8DD001B0509 /* RxDataSources.framework */; };
		1703B07021E7DC42001B0509 /* Nuke.framework in Frameworks */ = {isa = PBXBuildFile; fileRef = 171C2FE721E6D2E10057A3D3 /* Nuke.framework */; };
		1703B07121E7DC42001B0509 /* RxCocoa.framework in Frameworks */ = {isa = PBXBuildFile; fileRef = 171C2FB921E690A60057A3D3 /* RxCocoa.framework */; };
		1703B07221E7DC42001B0509 /* RxSwift.framework in Frameworks */ = {isa = PBXBuildFile; fileRef = 171C2FBA21E690A60057A3D3 /* RxSwift.framework */; };
		1703B07321E7DC42001B0509 /* SnapKit.framework in Frameworks */ = {isa = PBXBuildFile; fileRef = 171C2FBB21E690A60057A3D3 /* SnapKit.framework */; };
		1703B07521E7DDA7001B0509 /* RxTest.framework in Frameworks */ = {isa = PBXBuildFile; fileRef = 1703B07421E7DDA6001B0509 /* RxTest.framework */; };
		1703B07821E7E77F001B0509 /* UIViewController+Alerts.swift in Sources */ = {isa = PBXBuildFile; fileRef = 1703B07721E7E77E001B0509 /* UIViewController+Alerts.swift */; };
		1703B07C21E7EABF001B0509 /* EventDetailService.swift in Sources */ = {isa = PBXBuildFile; fileRef = 1703B07B21E7EABF001B0509 /* EventDetailService.swift */; };
		1703B07F21E7EC34001B0509 /* EventDetailViewModel.swift in Sources */ = {isa = PBXBuildFile; fileRef = 1703B07E21E7EC34001B0509 /* EventDetailViewModel.swift */; };
		1703B08221E7F0D8001B0509 /* User.swift in Sources */ = {isa = PBXBuildFile; fileRef = 1703B08121E7F0D8001B0509 /* User.swift */; };
		1703B08421E7FDC1001B0509 /* EventDetailViewModelTests.swift in Sources */ = {isa = PBXBuildFile; fileRef = 1703B08321E7FDC1001B0509 /* EventDetailViewModelTests.swift */; };
		171C2FBC21E690A60057A3D3 /* RxCocoa.framework in Frameworks */ = {isa = PBXBuildFile; fileRef = 171C2FB921E690A60057A3D3 /* RxCocoa.framework */; };
		171C2FBD21E690A60057A3D3 /* RxSwift.framework in Frameworks */ = {isa = PBXBuildFile; fileRef = 171C2FBA21E690A60057A3D3 /* RxSwift.framework */; };
		171C2FBE21E690A60057A3D3 /* SnapKit.framework in Frameworks */ = {isa = PBXBuildFile; fileRef = 171C2FBB21E690A60057A3D3 /* SnapKit.framework */; };
		171C2FC421E692520057A3D3 /* AppCoordinator.swift in Sources */ = {isa = PBXBuildFile; fileRef = 171C2FC321E692520057A3D3 /* AppCoordinator.swift */; };
		171C2FC721E692A50057A3D3 /* BaseCoordinator.swift in Sources */ = {isa = PBXBuildFile; fileRef = 171C2FC621E692A50057A3D3 /* BaseCoordinator.swift */; };
		171C2FCB21E694440057A3D3 /* EventsListCoordinator.swift in Sources */ = {isa = PBXBuildFile; fileRef = 171C2FCA21E694440057A3D3 /* EventsListCoordinator.swift */; };
		171C2FCD21E695E60057A3D3 /* AppService.swift in Sources */ = {isa = PBXBuildFile; fileRef = 171C2FCC21E695E60057A3D3 /* AppService.swift */; };
		171C2FD021E699AE0057A3D3 /* EventsListService.swift in Sources */ = {isa = PBXBuildFile; fileRef = 171C2FCF21E699AE0057A3D3 /* EventsListService.swift */; };
		171C2FD321E69A560057A3D3 /* EventsListModel.swift in Sources */ = {isa = PBXBuildFile; fileRef = 171C2FD221E69A560057A3D3 /* EventsListModel.swift */; };
		171C2FD621E69E820057A3D3 /* EventsListViewModel.swift in Sources */ = {isa = PBXBuildFile; fileRef = 171C2FD521E69E820057A3D3 /* EventsListViewModel.swift */; };
		171C2FD921E6B8090057A3D3 /* EventsListViewController.swift in Sources */ = {isa = PBXBuildFile; fileRef = 171C2FD821E6B8090057A3D3 /* EventsListViewController.swift */; };
		171C2FDB21E6C6A90057A3D3 /* EventStub.json in Resources */ = {isa = PBXBuildFile; fileRef = 171C2FDA21E6C6A90057A3D3 /* EventStub.json */; };
		171C2FDD21E6C6E20057A3D3 /* EventTests.swift in Sources */ = {isa = PBXBuildFile; fileRef = 171C2FDC21E6C6E20057A3D3 /* EventTests.swift */; };
		171C2FE221E6C8E70057A3D3 /* EventsListsViewModelTests.swift in Sources */ = {isa = PBXBuildFile; fileRef = 171C2FE121E6C8E70057A3D3 /* EventsListsViewModelTests.swift */; };
		171C2FE621E6CDC90057A3D3 /* EventTableViewCell.swift in Sources */ = {isa = PBXBuildFile; fileRef = 171C2FE521E6CDC90057A3D3 /* EventTableViewCell.swift */; };
		171C2FE821E6D2E10057A3D3 /* Nuke.framework in Frameworks */ = {isa = PBXBuildFile; fileRef = 171C2FE721E6D2E10057A3D3 /* Nuke.framework */; };
		1740A99E21E68EFA00A7CABC /* AppDelegate.swift in Sources */ = {isa = PBXBuildFile; fileRef = 1740A99D21E68EFA00A7CABC /* AppDelegate.swift */; };
		1740A9A521E68EFB00A7CABC /* Assets.xcassets in Resources */ = {isa = PBXBuildFile; fileRef = 1740A9A421E68EFB00A7CABC /* Assets.xcassets */; };
		1740A9A821E68EFB00A7CABC /* LaunchScreen.storyboard in Resources */ = {isa = PBXBuildFile; fileRef = 1740A9A621E68EFB00A7CABC /* LaunchScreen.storyboard */; };
/* End PBXBuildFile section */

/* Begin PBXContainerItemProxy section */
		1740A9AF21E68EFB00A7CABC /* PBXContainerItemProxy */ = {
			isa = PBXContainerItemProxy;
			containerPortal = 1740A99221E68EFA00A7CABC /* Project object */;
			proxyType = 1;
			remoteGlobalIDString = 1740A99921E68EFA00A7CABC;
			remoteInfo = GreenChallenge;
		};
/* End PBXContainerItemProxy section */

/* Begin PBXFileReference section */
		1703B06D21E7D8DD001B0509 /* RxDataSources.framework */ = {isa = PBXFileReference; lastKnownFileType = wrapper.framework; name = RxDataSources.framework; path = Carthage/Build/iOS/RxDataSources.framework; sourceTree = "<group>"; };
		1703B07421E7DDA6001B0509 /* RxTest.framework */ = {isa = PBXFileReference; lastKnownFileType = wrapper.framework; name = RxTest.framework; path = Carthage/Build/iOS/RxTest.framework; sourceTree = "<group>"; };
		1703B07721E7E77E001B0509 /* UIViewController+Alerts.swift */ = {isa = PBXFileReference; lastKnownFileType = sourcecode.swift; path = "UIViewController+Alerts.swift"; sourceTree = "<group>"; };
		1703B07B21E7EABF001B0509 /* EventDetailService.swift */ = {isa = PBXFileReference; lastKnownFileType = sourcecode.swift; path = EventDetailService.swift; sourceTree = "<group>"; };
		1703B07E21E7EC34001B0509 /* EventDetailViewModel.swift */ = {isa = PBXFileReference; lastKnownFileType = sourcecode.swift; path = EventDetailViewModel.swift; sourceTree = "<group>"; };
		1703B08121E7F0D8001B0509 /* User.swift */ = {isa = PBXFileReference; lastKnownFileType = sourcecode.swift; path = User.swift; sourceTree = "<group>"; };
		1703B08321E7FDC1001B0509 /* EventDetailViewModelTests.swift */ = {isa = PBXFileReference; lastKnownFileType = sourcecode.swift; path = EventDetailViewModelTests.swift; sourceTree = "<group>"; };
		171C2FB921E690A60057A3D3 /* RxCocoa.framework */ = {isa = PBXFileReference; lastKnownFileType = wrapper.framework; name = RxCocoa.framework; path = Carthage/Build/iOS/RxCocoa.framework; sourceTree = "<group>"; };
		171C2FBA21E690A60057A3D3 /* RxSwift.framework */ = {isa = PBXFileReference; lastKnownFileType = wrapper.framework; name = RxSwift.framework; path = Carthage/Build/iOS/RxSwift.framework; sourceTree = "<group>"; };
		171C2FBB21E690A60057A3D3 /* SnapKit.framework */ = {isa = PBXFileReference; lastKnownFileType = wrapper.framework; name = SnapKit.framework; path = Carthage/Build/iOS/SnapKit.framework; sourceTree = "<group>"; };
		171C2FC321E692520057A3D3 /* AppCoordinator.swift */ = {isa = PBXFileReference; lastKnownFileType = sourcecode.swift; path = AppCoordinator.swift; sourceTree = "<group>"; };
		171C2FC621E692A50057A3D3 /* BaseCoordinator.swift */ = {isa = PBXFileReference; lastKnownFileType = sourcecode.swift; path = BaseCoordinator.swift; sourceTree = "<group>"; };
		171C2FCA21E694440057A3D3 /* EventsListCoordinator.swift */ = {isa = PBXFileReference; lastKnownFileType = sourcecode.swift; path = EventsListCoordinator.swift; sourceTree = "<group>"; };
		171C2FCC21E695E60057A3D3 /* AppService.swift */ = {isa = PBXFileReference; lastKnownFileType = sourcecode.swift; path = AppService.swift; sourceTree = "<group>"; };
		171C2FCF21E699AE0057A3D3 /* EventsListService.swift */ = {isa = PBXFileReference; lastKnownFileType = sourcecode.swift; path = EventsListService.swift; sourceTree = "<group>"; };
		171C2FD221E69A560057A3D3 /* EventsListModel.swift */ = {isa = PBXFileReference; lastKnownFileType = sourcecode.swift; path = EventsListModel.swift; sourceTree = "<group>"; };
		171C2FD521E69E820057A3D3 /* EventsListViewModel.swift */ = {isa = PBXFileReference; lastKnownFileType = sourcecode.swift; path = EventsListViewModel.swift; sourceTree = "<group>"; };
		171C2FD821E6B8090057A3D3 /* EventsListViewController.swift */ = {isa = PBXFileReference; lastKnownFileType = sourcecode.swift; path = EventsListViewController.swift; sourceTree = "<group>"; };
		171C2FDA21E6C6A90057A3D3 /* EventStub.json */ = {isa = PBXFileReference; lastKnownFileType = text.json; path = EventStub.json; sourceTree = "<group>"; };
		171C2FDC21E6C6E20057A3D3 /* EventTests.swift */ = {isa = PBXFileReference; lastKnownFileType = sourcecode.swift; path = EventTests.swift; sourceTree = "<group>"; };
		171C2FE121E6C8E70057A3D3 /* EventsListsViewModelTests.swift */ = {isa = PBXFileReference; lastKnownFileType = sourcecode.swift; path = EventsListsViewModelTests.swift; sourceTree = "<group>"; };
		171C2FE521E6CDC90057A3D3 /* EventTableViewCell.swift */ = {isa = PBXFileReference; lastKnownFileType = sourcecode.swift; path = EventTableViewCell.swift; sourceTree = "<group>"; };
		171C2FE721E6D2E10057A3D3 /* Nuke.framework */ = {isa = PBXFileReference; lastKnownFileType = wrapper.framework; name = Nuke.framework; path = Carthage/Build/iOS/Nuke.framework; sourceTree = "<group>"; };
		1740A99A21E68EFA00A7CABC /* GreenChallenge.app */ = {isa = PBXFileReference; explicitFileType = wrapper.application; includeInIndex = 0; path = GreenChallenge.app; sourceTree = BUILT_PRODUCTS_DIR; };
		1740A99D21E68EFA00A7CABC /* AppDelegate.swift */ = {isa = PBXFileReference; lastKnownFileType = sourcecode.swift; path = AppDelegate.swift; sourceTree = "<group>"; };
		1740A9A421E68EFB00A7CABC /* Assets.xcassets */ = {isa = PBXFileReference; lastKnownFileType = folder.assetcatalog; path = Assets.xcassets; sourceTree = "<group>"; };
		1740A9A721E68EFB00A7CABC /* Base */ = {isa = PBXFileReference; lastKnownFileType = file.storyboard; name = Base; path = Base.lproj/LaunchScreen.storyboard; sourceTree = "<group>"; };
		1740A9A921E68EFB00A7CABC /* Info.plist */ = {isa = PBXFileReference; lastKnownFileType = text.plist.xml; path = Info.plist; sourceTree = "<group>"; };
		1740A9AE21E68EFB00A7CABC /* GreenChallengeTests.xctest */ = {isa = PBXFileReference; explicitFileType = wrapper.cfbundle; includeInIndex = 0; path = GreenChallengeTests.xctest; sourceTree = BUILT_PRODUCTS_DIR; };
		1740A9B421E68EFB00A7CABC /* Info.plist */ = {isa = PBXFileReference; lastKnownFileType = text.plist.xml; path = Info.plist; sourceTree = "<group>"; };
/* End PBXFileReference section */

/* Begin PBXFrameworksBuildPhase section */
		1740A99721E68EFA00A7CABC /* Frameworks */ = {
			isa = PBXFrameworksBuildPhase;
			buildActionMask = 2147483647;
			files = (
				1703B06E21E7D8DD001B0509 /* RxDataSources.framework in Frameworks */,
				171C2FBC21E690A60057A3D3 /* RxCocoa.framework in Frameworks */,
				171C2FE821E6D2E10057A3D3 /* Nuke.framework in Frameworks */,
				171C2FBD21E690A60057A3D3 /* RxSwift.framework in Frameworks */,
				171C2FBE21E690A60057A3D3 /* SnapKit.framework in Frameworks */,
			);
			runOnlyForDeploymentPostprocessing = 0;
		};
		1740A9AB21E68EFB00A7CABC /* Frameworks */ = {
			isa = PBXFrameworksBuildPhase;
			buildActionMask = 2147483647;
			files = (
				1703B07221E7DC42001B0509 /* RxSwift.framework in Frameworks */,
				1703B07121E7DC42001B0509 /* RxCocoa.framework in Frameworks */,
				1703B07521E7DDA7001B0509 /* RxTest.framework in Frameworks */,
				1703B06F21E7DC42001B0509 /* RxDataSources.framework in Frameworks */,
				1703B07021E7DC42001B0509 /* Nuke.framework in Frameworks */,
				1703B07321E7DC42001B0509 /* SnapKit.framework in Frameworks */,
			);
			runOnlyForDeploymentPostprocessing = 0;
		};
/* End PBXFrameworksBuildPhase section */

/* Begin PBXGroup section */
		1703B07621E7E76B001B0509 /* Extensions */ = {
			isa = PBXGroup;
			children = (
				1703B07721E7E77E001B0509 /* UIViewController+Alerts.swift */,
			);
			path = Extensions;
			sourceTree = "<group>";
		};
		1703B07921E7EA34001B0509 /* EventDetail */ = {
			isa = PBXGroup;
			children = (
				1703B08021E7F0CE001B0509 /* Model */,
				1703B07D21E7EC00001B0509 /* ViewModel */,
				1703B07A21E7EAB0001B0509 /* Service */,
			);
			path = EventDetail;
			sourceTree = "<group>";
		};
		1703B07A21E7EAB0001B0509 /* Service */ = {
			isa = PBXGroup;
			children = (
				1703B07B21E7EABF001B0509 /* EventDetailService.swift */,
			);
			path = Service;
			sourceTree = "<group>";
		};
		1703B07D21E7EC00001B0509 /* ViewModel */ = {
			isa = PBXGroup;
			children = (
				1703B07E21E7EC34001B0509 /* EventDetailViewModel.swift */,
			);
			path = ViewModel;
			sourceTree = "<group>";
		};
		1703B08021E7F0CE001B0509 /* Model */ = {
			isa = PBXGroup;
			children = (
				1703B08121E7F0D8001B0509 /* User.swift */,
			);
			path = Model;
			sourceTree = "<group>";
		};
		171C2FB821E690A60057A3D3 /* Frameworks */ = {
			isa = PBXGroup;
			children = (
				1703B07421E7DDA6001B0509 /* RxTest.framework */,
				1703B06D21E7D8DD001B0509 /* RxDataSources.framework */,
				171C2FE721E6D2E10057A3D3 /* Nuke.framework */,
				171C2FB921E690A60057A3D3 /* RxCocoa.framework */,
				171C2FBA21E690A60057A3D3 /* RxSwift.framework */,
				171C2FBB21E690A60057A3D3 /* SnapKit.framework */,
			);
			name = Frameworks;
			sourceTree = "<group>";
		};
		171C2FC121E691FD0057A3D3 /* Resources */ = {
			isa = PBXGroup;
			children = (
				1740A9A421E68EFB00A7CABC /* Assets.xcassets */,
				1740A9A621E68EFB00A7CABC /* LaunchScreen.storyboard */,
				1740A9A921E68EFB00A7CABC /* Info.plist */,
			);
			path = Resources;
			sourceTree = "<group>";
		};
		171C2FC221E6920C0057A3D3 /* App */ = {
			isa = PBXGroup;
			children = (
				1740A99D21E68EFA00A7CABC /* AppDelegate.swift */,
				171C2FC321E692520057A3D3 /* AppCoordinator.swift */,
				171C2FCC21E695E60057A3D3 /* AppService.swift */,
			);
			path = App;
			sourceTree = "<group>";
		};
		171C2FC521E692980057A3D3 /* General */ = {
			isa = PBXGroup;
			children = (
				1703B07621E7E76B001B0509 /* Extensions */,
				171C2FC821E693470057A3D3 /* Classes */,
			);
			path = General;
			sourceTree = "<group>";
		};
		171C2FC821E693470057A3D3 /* Classes */ = {
			isa = PBXGroup;
			children = (
				171C2FC621E692A50057A3D3 /* BaseCoordinator.swift */,
			);
			path = Classes;
			sourceTree = "<group>";
		};
		171C2FC921E694270057A3D3 /* EventsList */ = {
			isa = PBXGroup;
			children = (
				171C2FD121E69A480057A3D3 /* Model */,
				171C2FD721E6B7F10057A3D3 /* View */,
				171C2FD421E69E6D0057A3D3 /* ViewModel */,
				171C2FCE21E6999F0057A3D3 /* Service */,
				171C2FCA21E694440057A3D3 /* EventsListCoordinator.swift */,
			);
			path = EventsList;
			sourceTree = "<group>";
		};
		171C2FCE21E6999F0057A3D3 /* Service */ = {
			isa = PBXGroup;
			children = (
				171C2FCF21E699AE0057A3D3 /* EventsListService.swift */,
			);
			path = Service;
			sourceTree = "<group>";
		};
		171C2FD121E69A480057A3D3 /* Model */ = {
			isa = PBXGroup;
			children = (
				171C2FD221E69A560057A3D3 /* EventsListModel.swift */,
			);
			path = Model;
			sourceTree = "<group>";
		};
		171C2FD421E69E6D0057A3D3 /* ViewModel */ = {
			isa = PBXGroup;
			children = (
				171C2FD521E69E820057A3D3 /* EventsListViewModel.swift */,
			);
			path = ViewModel;
			sourceTree = "<group>";
		};
		171C2FD721E6B7F10057A3D3 /* View */ = {
			isa = PBXGroup;
			children = (
				171C2FD821E6B8090057A3D3 /* EventsListViewController.swift */,
				171C2FE521E6CDC90057A3D3 /* EventTableViewCell.swift */,
			);
			path = View;
			sourceTree = "<group>";
		};
		171C2FDE21E6C8080057A3D3 /* Models */ = {
			isa = PBXGroup;
			children = (
				171C2FDC21E6C6E20057A3D3 /* EventTests.swift */,
			);
			path = Models;
			sourceTree = "<group>";
		};
		171C2FDF21E6C83B0057A3D3 /* Stubs */ = {
			isa = PBXGroup;
			children = (
				171C2FDA21E6C6A90057A3D3 /* EventStub.json */,
			);
			path = Stubs;
			sourceTree = "<group>";
		};
		171C2FE021E6C8BC0057A3D3 /* ViewModels */ = {
			isa = PBXGroup;
			children = (
				171C2FE121E6C8E70057A3D3 /* EventsListsViewModelTests.swift */,
				1703B08321E7FDC1001B0509 /* EventDetailViewModelTests.swift */,
			);
			path = ViewModels;
			sourceTree = "<group>";
		};
		1740A99121E68EFA00A7CABC = {
			isa = PBXGroup;
			children = (
				1740A99C21E68EFA00A7CABC /* GreenChallenge */,
				1740A9B121E68EFB00A7CABC /* GreenChallengeTests */,
				1740A99B21E68EFA00A7CABC /* Products */,
				171C2FB821E690A60057A3D3 /* Frameworks */,
			);
			sourceTree = "<group>";
		};
		1740A99B21E68EFA00A7CABC /* Products */ = {
			isa = PBXGroup;
			children = (
				1740A99A21E68EFA00A7CABC /* GreenChallenge.app */,
				1740A9AE21E68EFB00A7CABC /* GreenChallengeTests.xctest */,
			);
			name = Products;
			sourceTree = "<group>";
		};
		1740A99C21E68EFA00A7CABC /* GreenChallenge */ = {
			isa = PBXGroup;
			children = (
				171C2FC221E6920C0057A3D3 /* App */,
				1703B07921E7EA34001B0509 /* EventDetail */,
				171C2FC921E694270057A3D3 /* EventsList */,
				171C2FC521E692980057A3D3 /* General */,
				171C2FC121E691FD0057A3D3 /* Resources */,
			);
			path = GreenChallenge;
			sourceTree = "<group>";
		};
		1740A9B121E68EFB00A7CABC /* GreenChallengeTests */ = {
			isa = PBXGroup;
			children = (
				171C2FE021E6C8BC0057A3D3 /* ViewModels */,
				171C2FDF21E6C83B0057A3D3 /* Stubs */,
				171C2FDE21E6C8080057A3D3 /* Models */,
				1740A9B421E68EFB00A7CABC /* Info.plist */,
			);
			path = GreenChallengeTests;
			sourceTree = "<group>";
		};
/* End PBXGroup section */

/* Begin PBXNativeTarget section */
		1740A99921E68EFA00A7CABC /* GreenChallenge */ = {
			isa = PBXNativeTarget;
			buildConfigurationList = 1740A9B721E68EFB00A7CABC /* Build configuration list for PBXNativeTarget "GreenChallenge" */;
			buildPhases = (
				171C2FBF21E690E40057A3D3 /* Carthage Run Script */,
				1740A99621E68EFA00A7CABC /* Sources */,
				1740A99721E68EFA00A7CABC /* Frameworks */,
				1740A99821E68EFA00A7CABC /* Resources */,
				171C2FC021E6910D0057A3D3 /* SwiftLint Run Script */,
			);
			buildRules = (
			);
			dependencies = (
			);
			name = GreenChallenge;
			productName = GreenChallenge;
			productReference = 1740A99A21E68EFA00A7CABC /* GreenChallenge.app */;
			productType = "com.apple.product-type.application";
		};
		1740A9AD21E68EFB00A7CABC /* GreenChallengeTests */ = {
			isa = PBXNativeTarget;
			buildConfigurationList = 1740A9BA21E68EFB00A7CABC /* Build configuration list for PBXNativeTarget "GreenChallengeTests" */;
			buildPhases = (
				1740A9AA21E68EFB00A7CABC /* Sources */,
				1740A9AB21E68EFB00A7CABC /* Frameworks */,
				1740A9AC21E68EFB00A7CABC /* Resources */,
			);
			buildRules = (
			);
			dependencies = (
				1740A9B021E68EFB00A7CABC /* PBXTargetDependency */,
			);
			name = GreenChallengeTests;
			productName = GreenChallengeTests;
			productReference = 1740A9AE21E68EFB00A7CABC /* GreenChallengeTests.xctest */;
			productType = "com.apple.product-type.bundle.unit-test";
		};
/* End PBXNativeTarget section */

/* Begin PBXProject section */
		1740A99221E68EFA00A7CABC /* Project object */ = {
			isa = PBXProject;
			attributes = {
				LastSwiftUpdateCheck = 1010;
				LastUpgradeCheck = 1010;
				ORGANIZATIONNAME = "Matheus Alano";
				TargetAttributes = {
					1740A99921E68EFA00A7CABC = {
						CreatedOnToolsVersion = 10.1;
					};
					1740A9AD21E68EFB00A7CABC = {
						CreatedOnToolsVersion = 10.1;
						TestTargetID = 1740A99921E68EFA00A7CABC;
					};
				};
			};
			buildConfigurationList = 1740A99521E68EFA00A7CABC /* Build configuration list for PBXProject "GreenChallenge" */;
			compatibilityVersion = "Xcode 9.3";
			developmentRegion = en;
			hasScannedForEncodings = 0;
			knownRegions = (
				en,
				Base,
			);
			mainGroup = 1740A99121E68EFA00A7CABC;
			productRefGroup = 1740A99B21E68EFA00A7CABC /* Products */;
			projectDirPath = "";
			projectRoot = "";
			targets = (
				1740A99921E68EFA00A7CABC /* GreenChallenge */,
				1740A9AD21E68EFB00A7CABC /* GreenChallengeTests */,
			);
		};
/* End PBXProject section */

/* Begin PBXResourcesBuildPhase section */
		1740A99821E68EFA00A7CABC /* Resources */ = {
			isa = PBXResourcesBuildPhase;
			buildActionMask = 2147483647;
			files = (
				1740A9A821E68EFB00A7CABC /* LaunchScreen.storyboard in Resources */,
				1740A9A521E68EFB00A7CABC /* Assets.xcassets in Resources */,
			);
			runOnlyForDeploymentPostprocessing = 0;
		};
		1740A9AC21E68EFB00A7CABC /* Resources */ = {
			isa = PBXResourcesBuildPhase;
			buildActionMask = 2147483647;
			files = (
				171C2FDB21E6C6A90057A3D3 /* EventStub.json in Resources */,
			);
			runOnlyForDeploymentPostprocessing = 0;
		};
/* End PBXResourcesBuildPhase section */

/* Begin PBXShellScriptBuildPhase section */
		171C2FBF21E690E40057A3D3 /* Carthage Run Script */ = {
			isa = PBXShellScriptBuildPhase;
			buildActionMask = 2147483647;
			files = (
			);
			inputFileListPaths = (
				"$(SRCROOT)/carthage.xcfilelist",
			);
			inputPaths = (
			);
			name = "Carthage Run Script";
			outputFileListPaths = (
			);
			outputPaths = (
			);
			runOnlyForDeploymentPostprocessing = 0;
			shellPath = /bin/sh;
			shellScript = "/usr/local/bin/carthage copy-frameworks\n";
		};
		171C2FC021E6910D0057A3D3 /* SwiftLint Run Script */ = {
			isa = PBXShellScriptBuildPhase;
			buildActionMask = 2147483647;
			files = (
			);
			inputFileListPaths = (
			);
			inputPaths = (
			);
			name = "SwiftLint Run Script";
			outputFileListPaths = (
			);
			outputPaths = (
			);
			runOnlyForDeploymentPostprocessing = 0;
			shellPath = /bin/sh;
			shellScript = "if which swiftlint >/dev/null; then\nswiftlint\nelse\necho \"warning: SwiftLint not installed, download from https://github.com/realm/SwiftLint\"\nfi\n";
		};
/* End PBXShellScriptBuildPhase section */

/* Begin PBXSourcesBuildPhase section */
		1740A99621E68EFA00A7CABC /* Sources */ = {
			isa = PBXSourcesBuildPhase;
			buildActionMask = 2147483647;
			files = (
				171C2FCD21E695E60057A3D3 /* AppService.swift in Sources */,
				1703B07821E7E77F001B0509 /* UIViewController+Alerts.swift in Sources */,
				171C2FD621E69E820057A3D3 /* EventsListViewModel.swift in Sources */,
				171C2FC421E692520057A3D3 /* AppCoordinator.swift in Sources */,
				1703B07F21E7EC34001B0509 /* EventDetailViewModel.swift in Sources */,
				171C2FC721E692A50057A3D3 /* BaseCoordinator.swift in Sources */,
				1703B08221E7F0D8001B0509 /* User.swift in Sources */,
				1703B07C21E7EABF001B0509 /* EventDetailService.swift in Sources */,
				1740A99E21E68EFA00A7CABC /* AppDelegate.swift in Sources */,
				171C2FD021E699AE0057A3D3 /* EventsListService.swift in Sources */,
				171C2FCB21E694440057A3D3 /* EventsListCoordinator.swift in Sources */,
				171C2FD921E6B8090057A3D3 /* EventsListViewController.swift in Sources */,
				171C2FE621E6CDC90057A3D3 /* EventTableViewCell.swift in Sources */,
				171C2FD321E69A560057A3D3 /* EventsListModel.swift in Sources */,
			);
			runOnlyForDeploymentPostprocessing = 0;
		};
		1740A9AA21E68EFB00A7CABC /* Sources */ = {
			isa = PBXSourcesBuildPhase;
			buildActionMask = 2147483647;
			files = (
				171C2FDD21E6C6E20057A3D3 /* EventTests.swift in Sources */,
				1703B08421E7FDC1001B0509 /* EventDetailViewModelTests.swift in Sources */,
				171C2FE221E6C8E70057A3D3 /* EventsListsViewModelTests.swift in Sources */,
			);
			runOnlyForDeploymentPostprocessing = 0;
		};
/* End PBXSourcesBuildPhase section */

/* Begin PBXTargetDependency section */
		1740A9B021E68EFB00A7CABC /* PBXTargetDependency */ = {
			isa = PBXTargetDependency;
			target = 1740A99921E68EFA00A7CABC /* GreenChallenge */;
			targetProxy = 1740A9AF21E68EFB00A7CABC /* PBXContainerItemProxy */;
		};
/* End PBXTargetDependency section */

/* Begin PBXVariantGroup section */
		1740A9A621E68EFB00A7CABC /* LaunchScreen.storyboard */ = {
			isa = PBXVariantGroup;
			children = (
				1740A9A721E68EFB00A7CABC /* Base */,
			);
			name = LaunchScreen.storyboard;
			sourceTree = "<group>";
		};
/* End PBXVariantGroup section */

/* Begin XCBuildConfiguration section */
		1740A9B521E68EFB00A7CABC /* Debug */ = {
			isa = XCBuildConfiguration;
			buildSettings = {
				ALWAYS_SEARCH_USER_PATHS = NO;
				CLANG_ANALYZER_NONNULL = YES;
				CLANG_ANALYZER_NUMBER_OBJECT_CONVERSION = YES_AGGRESSIVE;
				CLANG_CXX_LANGUAGE_STANDARD = "gnu++14";
				CLANG_CXX_LIBRARY = "libc++";
				CLANG_ENABLE_MODULES = YES;
				CLANG_ENABLE_OBJC_ARC = YES;
				CLANG_ENABLE_OBJC_WEAK = YES;
				CLANG_WARN_BLOCK_CAPTURE_AUTORELEASING = YES;
				CLANG_WARN_BOOL_CONVERSION = YES;
				CLANG_WARN_COMMA = YES;
				CLANG_WARN_CONSTANT_CONVERSION = YES;
				CLANG_WARN_DEPRECATED_OBJC_IMPLEMENTATIONS = YES;
				CLANG_WARN_DIRECT_OBJC_ISA_USAGE = YES_ERROR;
				CLANG_WARN_DOCUMENTATION_COMMENTS = YES;
				CLANG_WARN_EMPTY_BODY = YES;
				CLANG_WARN_ENUM_CONVERSION = YES;
				CLANG_WARN_INFINITE_RECURSION = YES;
				CLANG_WARN_INT_CONVERSION = YES;
				CLANG_WARN_NON_LITERAL_NULL_CONVERSION = YES;
				CLANG_WARN_OBJC_IMPLICIT_RETAIN_SELF = YES;
				CLANG_WARN_OBJC_LITERAL_CONVERSION = YES;
				CLANG_WARN_OBJC_ROOT_CLASS = YES_ERROR;
				CLANG_WARN_RANGE_LOOP_ANALYSIS = YES;
				CLANG_WARN_STRICT_PROTOTYPES = YES;
				CLANG_WARN_SUSPICIOUS_MOVE = YES;
				CLANG_WARN_UNGUARDED_AVAILABILITY = YES_AGGRESSIVE;
				CLANG_WARN_UNREACHABLE_CODE = YES;
				CLANG_WARN__DUPLICATE_METHOD_MATCH = YES;
				CODE_SIGN_IDENTITY = "iPhone Developer";
				COPY_PHASE_STRIP = NO;
				DEBUG_INFORMATION_FORMAT = dwarf;
				ENABLE_STRICT_OBJC_MSGSEND = YES;
				ENABLE_TESTABILITY = YES;
				GCC_C_LANGUAGE_STANDARD = gnu11;
				GCC_DYNAMIC_NO_PIC = NO;
				GCC_NO_COMMON_BLOCKS = YES;
				GCC_OPTIMIZATION_LEVEL = 0;
				GCC_PREPROCESSOR_DEFINITIONS = (
					"DEBUG=1",
					"$(inherited)",
				);
				GCC_WARN_64_TO_32_BIT_CONVERSION = YES;
				GCC_WARN_ABOUT_RETURN_TYPE = YES_ERROR;
				GCC_WARN_UNDECLARED_SELECTOR = YES;
				GCC_WARN_UNINITIALIZED_AUTOS = YES_AGGRESSIVE;
				GCC_WARN_UNUSED_FUNCTION = YES;
				GCC_WARN_UNUSED_VARIABLE = YES;
				IPHONEOS_DEPLOYMENT_TARGET = 12.1;
				MTL_ENABLE_DEBUG_INFO = INCLUDE_SOURCE;
				MTL_FAST_MATH = YES;
				ONLY_ACTIVE_ARCH = YES;
				SDKROOT = iphoneos;
				SWIFT_ACTIVE_COMPILATION_CONDITIONS = DEBUG;
				SWIFT_OPTIMIZATION_LEVEL = "-Onone";
			};
			name = Debug;
		};
		1740A9B621E68EFB00A7CABC /* Release */ = {
			isa = XCBuildConfiguration;
			buildSettings = {
				ALWAYS_SEARCH_USER_PATHS = NO;
				CLANG_ANALYZER_NONNULL = YES;
				CLANG_ANALYZER_NUMBER_OBJECT_CONVERSION = YES_AGGRESSIVE;
				CLANG_CXX_LANGUAGE_STANDARD = "gnu++14";
				CLANG_CXX_LIBRARY = "libc++";
				CLANG_ENABLE_MODULES = YES;
				CLANG_ENABLE_OBJC_ARC = YES;
				CLANG_ENABLE_OBJC_WEAK = YES;
				CLANG_WARN_BLOCK_CAPTURE_AUTORELEASING = YES;
				CLANG_WARN_BOOL_CONVERSION = YES;
				CLANG_WARN_COMMA = YES;
				CLANG_WARN_CONSTANT_CONVERSION = YES;
				CLANG_WARN_DEPRECATED_OBJC_IMPLEMENTATIONS = YES;
				CLANG_WARN_DIRECT_OBJC_ISA_USAGE = YES_ERROR;
				CLANG_WARN_DOCUMENTATION_COMMENTS = YES;
				CLANG_WARN_EMPTY_BODY = YES;
				CLANG_WARN_ENUM_CONVERSION = YES;
				CLANG_WARN_INFINITE_RECURSION = YES;
				CLANG_WARN_INT_CONVERSION = YES;
				CLANG_WARN_NON_LITERAL_NULL_CONVERSION = YES;
				CLANG_WARN_OBJC_IMPLICIT_RETAIN_SELF = YES;
				CLANG_WARN_OBJC_LITERAL_CONVERSION = YES;
				CLANG_WARN_OBJC_ROOT_CLASS = YES_ERROR;
				CLANG_WARN_RANGE_LOOP_ANALYSIS = YES;
				CLANG_WARN_STRICT_PROTOTYPES = YES;
				CLANG_WARN_SUSPICIOUS_MOVE = YES;
				CLANG_WARN_UNGUARDED_AVAILABILITY = YES_AGGRESSIVE;
				CLANG_WARN_UNREACHABLE_CODE = YES;
				CLANG_WARN__DUPLICATE_METHOD_MATCH = YES;
				CODE_SIGN_IDENTITY = "iPhone Developer";
				COPY_PHASE_STRIP = NO;
				DEBUG_INFORMATION_FORMAT = "dwarf-with-dsym";
				ENABLE_NS_ASSERTIONS = NO;
				ENABLE_STRICT_OBJC_MSGSEND = YES;
				GCC_C_LANGUAGE_STANDARD = gnu11;
				GCC_NO_COMMON_BLOCKS = YES;
				GCC_WARN_64_TO_32_BIT_CONVERSION = YES;
				GCC_WARN_ABOUT_RETURN_TYPE = YES_ERROR;
				GCC_WARN_UNDECLARED_SELECTOR = YES;
				GCC_WARN_UNINITIALIZED_AUTOS = YES_AGGRESSIVE;
				GCC_WARN_UNUSED_FUNCTION = YES;
				GCC_WARN_UNUSED_VARIABLE = YES;
				IPHONEOS_DEPLOYMENT_TARGET = 12.1;
				MTL_ENABLE_DEBUG_INFO = NO;
				MTL_FAST_MATH = YES;
				SDKROOT = iphoneos;
				SWIFT_COMPILATION_MODE = wholemodule;
				SWIFT_OPTIMIZATION_LEVEL = "-O";
				VALIDATE_PRODUCT = YES;
			};
			name = Release;
		};
		1740A9B821E68EFB00A7CABC /* Debug */ = {
			isa = XCBuildConfiguration;
			buildSettings = {
				ASSETCATALOG_COMPILER_APPICON_NAME = AppIcon;
				CODE_SIGN_IDENTITY = "iPhone Developer";
				CODE_SIGN_STYLE = Automatic;
				DEVELOPMENT_TEAM = S267HCZ2HP;
				FRAMEWORK_SEARCH_PATHS = (
					"$(inherited)",
					"$(PROJECT_DIR)/Carthage/Build/iOS",
				);
				INFOPLIST_FILE = "$(SRCROOT)/GreenChallenge/Resources/Info.plist";
				LD_RUNPATH_SEARCH_PATHS = (
					"$(inherited)",
					"@executable_path/Frameworks",
				);
				PRODUCT_BUNDLE_IDENTIFIER = com.matheusalano.GreenChallenge;
				PRODUCT_NAME = "$(TARGET_NAME)";
				PROVISIONING_PROFILE_SPECIFIER = "";
				SWIFT_VERSION = 4.2;
				TARGETED_DEVICE_FAMILY = 1;
			};
			name = Debug;
		};
		1740A9B921E68EFB00A7CABC /* Release */ = {
			isa = XCBuildConfiguration;
			buildSettings = {
				ASSETCATALOG_COMPILER_APPICON_NAME = AppIcon;
				CODE_SIGN_IDENTITY = "iPhone Developer";
				CODE_SIGN_STYLE = Automatic;
				DEVELOPMENT_TEAM = S267HCZ2HP;
				FRAMEWORK_SEARCH_PATHS = (
					"$(inherited)",
					"$(PROJECT_DIR)/Carthage/Build/iOS",
				);
				INFOPLIST_FILE = "$(SRCROOT)/GreenChallenge/Resources/Info.plist";
				LD_RUNPATH_SEARCH_PATHS = (
					"$(inherited)",
					"@executable_path/Frameworks",
				);
				PRODUCT_BUNDLE_IDENTIFIER = com.matheusalano.GreenChallenge;
				PRODUCT_NAME = "$(TARGET_NAME)";
				PROVISIONING_PROFILE_SPECIFIER = "";
				SWIFT_VERSION = 4.2;
				TARGETED_DEVICE_FAMILY = 1;
			};
			name = Release;
		};
		1740A9BB21E68EFB00A7CABC /* Debug */ = {
			isa = XCBuildConfiguration;
			buildSettings = {
				ALWAYS_EMBED_SWIFT_STANDARD_LIBRARIES = YES;
				BUNDLE_LOADER = "$(TEST_HOST)";
				CODE_SIGN_STYLE = Automatic;
				DEVELOPMENT_TEAM = S267HCZ2HP;
				FRAMEWORK_SEARCH_PATHS = (
					"$(inherited)",
					"$(PROJECT_DIR)/Carthage/Build/iOS",
				);
				INFOPLIST_FILE = GreenChallengeTests/Info.plist;
				LD_RUNPATH_SEARCH_PATHS = (
					"$(inherited)",
					"@executable_path/Frameworks",
					"@loader_path/Frameworks",
				);
				PRODUCT_BUNDLE_IDENTIFIER = com.matheusalano.GreenChallengeTests;
				PRODUCT_NAME = "$(TARGET_NAME)";
				SWIFT_VERSION = 4.2;
				TARGETED_DEVICE_FAMILY = "1,2";
				TEST_HOST = "$(BUILT_PRODUCTS_DIR)/GreenChallenge.app/GreenChallenge";
			};
			name = Debug;
		};
		1740A9BC21E68EFB00A7CABC /* Release */ = {
			isa = XCBuildConfiguration;
			buildSettings = {
				ALWAYS_EMBED_SWIFT_STANDARD_LIBRARIES = YES;
				BUNDLE_LOADER = "$(TEST_HOST)";
				CODE_SIGN_STYLE = Automatic;
				DEVELOPMENT_TEAM = S267HCZ2HP;
				FRAMEWORK_SEARCH_PATHS = (
					"$(inherited)",
					"$(PROJECT_DIR)/Carthage/Build/iOS",
				);
				INFOPLIST_FILE = GreenChallengeTests/Info.plist;
				LD_RUNPATH_SEARCH_PATHS = (
					"$(inherited)",
					"@executable_path/Frameworks",
					"@loader_path/Frameworks",
				);
				PRODUCT_BUNDLE_IDENTIFIER = com.matheusalano.GreenChallengeTests;
				PRODUCT_NAME = "$(TARGET_NAME)";
				SWIFT_VERSION = 4.2;
				TARGETED_DEVICE_FAMILY = "1,2";
				TEST_HOST = "$(BUILT_PRODUCTS_DIR)/GreenChallenge.app/GreenChallenge";
			};
			name = Release;
		};
/* End XCBuildConfiguration section */

/* Begin XCConfigurationList section */
		1740A99521E68EFA00A7CABC /* Build configuration list for PBXProject "GreenChallenge" */ = {
			isa = XCConfigurationList;
			buildConfigurations = (
				1740A9B521E68EFB00A7CABC /* Debug */,
				1740A9B621E68EFB00A7CABC /* Release */,
			);
			defaultConfigurationIsVisible = 0;
			defaultConfigurationName = Release;
		};
		1740A9B721E68EFB00A7CABC /* Build configuration list for PBXNativeTarget "GreenChallenge" */ = {
			isa = XCConfigurationList;
			buildConfigurations = (
				1740A9B821E68EFB00A7CABC /* Debug */,
				1740A9B921E68EFB00A7CABC /* Release */,
			);
			defaultConfigurationIsVisible = 0;
			defaultConfigurationName = Release;
		};
		1740A9BA21E68EFB00A7CABC /* Build configuration list for PBXNativeTarget "GreenChallengeTests" */ = {
			isa = XCConfigurationList;
			buildConfigurations = (
				1740A9BB21E68EFB00A7CABC /* Debug */,
				1740A9BC21E68EFB00A7CABC /* Release */,
			);
			defaultConfigurationIsVisible = 0;
			defaultConfigurationName = Release;
		};
/* End XCConfigurationList section */
	};
	rootObject = 1740A99221E68EFA00A7CABC /* Project object */;
}
